Microsoft Visual Studio Solution File, Format Version 7.00
Project("{8BC9CEB8-8B4A-11D0-8D11-00A0C91BC942}") = "all", "all\all.vcproj", "{D6271E12-B9F5-49B8-BD94-62B236A96940}"
EndProject
Project("{8BC9CEB8-8B4A-11D0-8D11-00A0C91BC942}") = "cintltst", "..\test\cintltst\cintltst.vcproj", "{3D1246AE-1B32-479B-BECA-AEFA97BE2321}"
EndProject
Project("{8BC9CEB8-8B4A-11D0-8D11-00A0C91BC942}") = "common", "..\common\common.vcproj", "{73C0A65B-D1F2-4DE1-B3A6-15DAD2C23F3D}"
EndProject
Project("{8BC9CEB8-8B4A-11D0-8D11-00A0C91BC942}") = "ctestfw", "..\tools\ctestfw\ctestfw.vcproj", "{ECA6B435-B4FA-4F9F-BF95-F451D078FC47}"
EndProject
Project("{8BC9CEB8-8B4A-11D0-8D11-00A0C91BC942}") = "decmn", "..\tools\gencmn\decmn.vcproj", "{20869594-A3DD-4A75-8068-99B03A5CF4E4}"
EndProject
Project("{8BC9CEB8-8B4A-11D0-8D11-00A0C91BC942}") = "derb", "..\TOOLS\GENRB\derb.vcproj", "{D3065ADB-8820-4CC7-9B6C-9510833961A3}"
EndProject
Project("{8BC9CEB8-8B4A-11D0-8D11-00A0C91BC942}") = "genbrk", "..\tools\genbrk\genbrk.vcproj", "{C2BE5000-7501-4E87-9724-B8D82494FAE6}"
EndProject
Project("{8BC9CEB8-8B4A-11D0-8D11-00A0C91BC942}") = "genccode", "..\tools\genccode\genccode.vcproj", "{FDD3C4F2-9805-44EB-9A77-BC1C1C95B547}"
EndProject
Project("{8BC9CEB8-8B4A-11D0-8D11-00A0C91BC942}") = "gencmn", "..\tools\gencmn\gencmn.vcproj", "{A8D36F8D-09E6-4174-91C3-7BEAA9C3F04F}"
EndProject
Project("{8BC9CEB8-8B4A-11D0-8D11-00A0C91BC942}") = "gencnval", "..\tools\gencnval\gencnval.vcproj", "{8B41752B-5A52-41E4-B7E0-07921C0CC6BF}"
EndProject
Project("{8BC9CEB8-8B4A-11D0-8D11-00A0C91BC942}") = "genidna", "..\tools\genidna\genidna.vcproj", "{74BA1DDE-CDBA-4802-B033-61A6C897515D}"
EndProject
Project("{8BC9CEB8-8B4A-11D0-8D11-00A0C91BC942}") = "gennames", "..\tools\gennames\gennames.vcproj", "{F5281B04-A9E0-4680-BBA8-1D7F7D115458}"
EndProject
Project("{8BC9CEB8-8B4A-11D0-8D11-00A0C91BC942}") = "gennorm", "..\tools\gennorm\gennorm.vcproj", "{F5213103-6CBE-46E6-B4CC-2570B6837D86}"
EndProject
Project("{8BC9CEB8-8B4A-11D0-8D11-00A0C91BC942}") = "genpname", "..\tools\genpname\genpname.vcproj", "{DBC0AF0B-B9FF-4B23-905B-4D4CDC2A91CB}"
EndProject
Project("{8BC9CEB8-8B4A-11D0-8D11-00A0C91BC942}") = "genprops", "..\tools\genprops\genprops.vcproj", "{6F744648-D15F-478A-90C6-58E353B5DDB3}"
EndProject
Project("{8BC9CEB8-8B4A-11D0-8D11-00A0C91BC942}") = "genrb", "..\tools\genrb\genrb.vcproj", "{97521D06-EC47-45D4-8BD0-9E16B3F93B2A}"
EndProject
Project("{8BC9CEB8-8B4A-11D0-8D11-00A0C91BC942}") = "gentest", "..\tools\gentest\gentest.vcproj", "{77C78066-746F-4EA6-B3FE-B8C8A4A97891}"
EndProject
Project("{8BC9CEB8-8B4A-11D0-8D11-00A0C91BC942}") = "gentz", "..\tools\gentz\gentz.vcproj", "{A02DB485-DC68-4B14-B5BB-115F1596BFF1}"
EndProject
Project("{8BC9CEB8-8B4A-11D0-8D11-00A0C91BC942}") = "genuca", "..\TOOLS\genuca\genuca.vcproj", "{86829694-A375-4C58-B4EA-96EF514E3225}"
EndProject
Project("{8BC9CEB8-8B4A-11D0-8D11-00A0C91BC942}") = "i18n", "..\i18n\i18n.vcproj", "{0178B127-6269-407D-B112-93877BB62776}"
EndProject
Project("{8BC9CEB8-8B4A-11D0-8D11-00A0C91BC942}") = "ieeetest", "..\test\ieeetest\ieeetest.vcproj", "{10F01D38-993E-407A-89BD-5C1C63F3A08D}"
EndProject
Project("{8BC9CEB8-8B4A-11D0-8D11-00A0C91BC942}") = "intltest", "..\test\intltest\intltest.vcproj", "{73632960-B3A6-464D-83A3-4B43365F19B8}"
EndProject
Project("{8BC9CEB8-8B4A-11D0-8D11-00A0C91BC942}") = "layout", "..\layout\layout.vcproj", "{C920062A-0647-4553-A3B2-37C58065664B}"
EndProject
Project("{8BC9CEB8-8B4A-11D0-8D11-00A0C91BC942}") = "layoutex", "..\layoutex\layoutex.vcproj", "{37FC2C7F-1904-4811-8955-2F478830EAD1}"
EndProject
Project("{8BC9CEB8-8B4A-11D0-8D11-00A0C91BC942}") = "makeconv", "..\tools\makeconv\makeconv.vcproj", "{F5AD9738-1A3D-4906-B9C4-A7D9CE33DC2C}"
EndProject
Project("{8BC9CEB8-8B4A-11D0-8D11-00A0C91BC942}") = "makedata", "..\data\makedata.vcproj", "{D9DF7F2F-93B7-4810-B5CD-96F4F33C079B}"
EndProject
Project("{8BC9CEB8-8B4A-11D0-8D11-00A0C91BC942}") = "pkgdata", "..\tools\pkgdata\pkgdata.vcproj", "{4C8454FE-81D3-4CA3-9927-29BA96F03DAC}"
EndProject
Project("{8BC9CEB8-8B4A-11D0-8D11-00A0C91BC942}") = "stubdata", "..\STUBDATA\stubdata.vcproj", "{203EC78A-0531-43F0-A636-285439BDE025}"
EndProject
Project("{8BC9CEB8-8B4A-11D0-8D11-00A0C91BC942}") = "toolutil", "..\tools\toolutil\toolutil.vcproj", "{6B231032-3CB5-4EED-9210-810D666A23A0}"
EndProject
Project("{8BC9CEB8-8B4A-11D0-8D11-00A0C91BC942}") = "uconv", "..\extra\uconv\uconv.vcproj", "{DBA4088D-F6F9-4F8F-8820-082A4765C16C}"
EndProject
Project("{8BC9CEB8-8B4A-11D0-8D11-00A0C91BC942}") = "ustdio", "..\extra\ustdio\ustdio.vcproj", "{C2B04507-2521-4801-BF0D-5FD79D6D518C}"
EndProject
Global
	GlobalSection(SolutionConfiguration) = preSolution
		ConfigName.0 = Debug
		ConfigName.1 = Release
	EndGlobalSection
	GlobalSection(ProjectDependencies) = postSolution
		{D6271E12-B9F5-49B8-BD94-62B236A96940}.0 = {37FC2C7F-1904-4811-8955-2F478830EAD1}
		{D6271E12-B9F5-49B8-BD94-62B236A96940}.1 = {74BA1DDE-CDBA-4802-B033-61A6C897515D}
		{D6271E12-B9F5-49B8-BD94-62B236A96940}.2 = {C2BE5000-7501-4E87-9724-B8D82494FAE6}
		{D6271E12-B9F5-49B8-BD94-62B236A96940}.3 = {C2B04507-2521-4801-BF0D-5FD79D6D518C}
		{D6271E12-B9F5-49B8-BD94-62B236A96940}.4 = {DBA4088D-F6F9-4F8F-8820-082A4765C16C}
		{D6271E12-B9F5-49B8-BD94-62B236A96940}.5 = {6B231032-3CB5-4EED-9210-810D666A23A0}
		{D6271E12-B9F5-49B8-BD94-62B236A96940}.6 = {203EC78A-0531-43F0-A636-285439BDE025}
		{D6271E12-B9F5-49B8-BD94-62B236A96940}.7 = {4C8454FE-81D3-4CA3-9927-29BA96F03DAC}
		{D6271E12-B9F5-49B8-BD94-62B236A96940}.8 = {D9DF7F2F-93B7-4810-B5CD-96F4F33C079B}
		{D6271E12-B9F5-49B8-BD94-62B236A96940}.9 = {F5AD9738-1A3D-4906-B9C4-A7D9CE33DC2C}
		{D6271E12-B9F5-49B8-BD94-62B236A96940}.10 = {C920062A-0647-4553-A3B2-37C58065664B}
		{D6271E12-B9F5-49B8-BD94-62B236A96940}.11 = {73632960-B3A6-464D-83A3-4B43365F19B8}
		{D6271E12-B9F5-49B8-BD94-62B236A96940}.12 = {10F01D38-993E-407A-89BD-5C1C63F3A08D}
		{D6271E12-B9F5-49B8-BD94-62B236A96940}.13 = {0178B127-6269-407D-B112-93877BB62776}
		{D6271E12-B9F5-49B8-BD94-62B236A96940}.14 = {86829694-A375-4C58-B4EA-96EF514E3225}
		{D6271E12-B9F5-49B8-BD94-62B236A96940}.15 = {A02DB485-DC68-4B14-B5BB-115F1596BFF1}
		{D6271E12-B9F5-49B8-BD94-62B236A96940}.16 = {77C78066-746F-4EA6-B3FE-B8C8A4A97891}
		{D6271E12-B9F5-49B8-BD94-62B236A96940}.17 = {97521D06-EC47-45D4-8BD0-9E16B3F93B2A}
		{D6271E12-B9F5-49B8-BD94-62B236A96940}.18 = {6F744648-D15F-478A-90C6-58E353B5DDB3}
		{D6271E12-B9F5-49B8-BD94-62B236A96940}.19 = {DBC0AF0B-B9FF-4B23-905B-4D4CDC2A91CB}
		{D6271E12-B9F5-49B8-BD94-62B236A96940}.20 = {F5213103-6CBE-46E6-B4CC-2570B6837D86}
		{D6271E12-B9F5-49B8-BD94-62B236A96940}.21 = {F5281B04-A9E0-4680-BBA8-1D7F7D115458}
		{D6271E12-B9F5-49B8-BD94-62B236A96940}.22 = {8B41752B-5A52-41E4-B7E0-07921C0CC6BF}
		{D6271E12-B9F5-49B8-BD94-62B236A96940}.23 = {A8D36F8D-09E6-4174-91C3-7BEAA9C3F04F}
		{D6271E12-B9F5-49B8-BD94-62B236A96940}.24 = {FDD3C4F2-9805-44EB-9A77-BC1C1C95B547}
		{D6271E12-B9F5-49B8-BD94-62B236A96940}.25 = {D3065ADB-8820-4CC7-9B6C-9510833961A3}
		{D6271E12-B9F5-49B8-BD94-62B236A96940}.26 = {20869594-A3DD-4A75-8068-99B03A5CF4E4}
		{D6271E12-B9F5-49B8-BD94-62B236A96940}.27 = {ECA6B435-B4FA-4F9F-BF95-F451D078FC47}
		{D6271E12-B9F5-49B8-BD94-62B236A96940}.28 = {73C0A65B-D1F2-4DE1-B3A6-15DAD2C23F3D}
		{D6271E12-B9F5-49B8-BD94-62B236A96940}.29 = {3D1246AE-1B32-479B-BECA-AEFA97BE2321}
		{3D1246AE-1B32-479B-BECA-AEFA97BE2321}.0 = {6B231032-3CB5-4EED-9210-810D666A23A0}
		{3D1246AE-1B32-479B-BECA-AEFA97BE2321}.1 = {0178B127-6269-407D-B112-93877BB62776}
		{3D1246AE-1B32-479B-BECA-AEFA97BE2321}.2 = {ECA6B435-B4FA-4F9F-BF95-F451D078FC47}
		{3D1246AE-1B32-479B-BECA-AEFA97BE2321}.3 = {73C0A65B-D1F2-4DE1-B3A6-15DAD2C23F3D}
		{73C0A65B-D1F2-4DE1-B3A6-15DAD2C23F3D}.0 = {203EC78A-0531-43F0-A636-285439BDE025}
		{ECA6B435-B4FA-4F9F-BF95-F451D078FC47}.0 = {73C0A65B-D1F2-4DE1-B3A6-15DAD2C23F3D}
		{20869594-A3DD-4A75-8068-99B03A5CF4E4}.0 = {6B231032-3CB5-4EED-9210-810D666A23A0}
		{20869594-A3DD-4A75-8068-99B03A5CF4E4}.1 = {73C0A65B-D1F2-4DE1-B3A6-15DAD2C23F3D}
		{D3065ADB-8820-4CC7-9B6C-9510833961A3}.0 = {203EC78A-0531-43F0-A636-285439BDE025}
		{D3065ADB-8820-4CC7-9B6C-9510833961A3}.1 = {73C0A65B-D1F2-4DE1-B3A6-15DAD2C23F3D}
		{C2BE5000-7501-4E87-9724-B8D82494FAE6}.0 = {6B231032-3CB5-4EED-9210-810D666A23A0}
		{C2BE5000-7501-4E87-9724-B8D82494FAE6}.1 = {73C0A65B-D1F2-4DE1-B3A6-15DAD2C23F3D}
		{FDD3C4F2-9805-44EB-9A77-BC1C1C95B547}.0 = {6B231032-3CB5-4EED-9210-810D666A23A0}
		{FDD3C4F2-9805-44EB-9A77-BC1C1C95B547}.1 = {73C0A65B-D1F2-4DE1-B3A6-15DAD2C23F3D}
		{A8D36F8D-09E6-4174-91C3-7BEAA9C3F04F}.0 = {6B231032-3CB5-4EED-9210-810D666A23A0}
		{A8D36F8D-09E6-4174-91C3-7BEAA9C3F04F}.1 = {73C0A65B-D1F2-4DE1-B3A6-15DAD2C23F3D}
		{8B41752B-5A52-41E4-B7E0-07921C0CC6BF}.0 = {6B231032-3CB5-4EED-9210-810D666A23A0}
		{8B41752B-5A52-41E4-B7E0-07921C0CC6BF}.1 = {73C0A65B-D1F2-4DE1-B3A6-15DAD2C23F3D}
		{74BA1DDE-CDBA-4802-B033-61A6C897515D}.0 = {6B231032-3CB5-4EED-9210-810D666A23A0}
		{74BA1DDE-CDBA-4802-B033-61A6C897515D}.1 = {73C0A65B-D1F2-4DE1-B3A6-15DAD2C23F3D}
		{F5281B04-A9E0-4680-BBA8-1D7F7D115458}.0 = {6B231032-3CB5-4EED-9210-810D666A23A0}
		{F5281B04-A9E0-4680-BBA8-1D7F7D115458}.1 = {73C0A65B-D1F2-4DE1-B3A6-15DAD2C23F3D}
		{F5213103-6CBE-46E6-B4CC-2570B6837D86}.0 = {6B231032-3CB5-4EED-9210-810D666A23A0}
		{F5213103-6CBE-46E6-B4CC-2570B6837D86}.1 = {73C0A65B-D1F2-4DE1-B3A6-15DAD2C23F3D}
		{DBC0AF0B-B9FF-4B23-905B-4D4CDC2A91CB}.0 = {6B231032-3CB5-4EED-9210-810D666A23A0}
		{DBC0AF0B-B9FF-4B23-905B-4D4CDC2A91CB}.1 = {73C0A65B-D1F2-4DE1-B3A6-15DAD2C23F3D}
		{6F744648-D15F-478A-90C6-58E353B5DDB3}.0 = {6B231032-3CB5-4EED-9210-810D666A23A0}
		{6F744648-D15F-478A-90C6-58E353B5DDB3}.1 = {73C0A65B-D1F2-4DE1-B3A6-15DAD2C23F3D}
		{97521D06-EC47-45D4-8BD0-9E16B3F93B2A}.0 = {6B231032-3CB5-4EED-9210-810D666A23A0}
		{97521D06-EC47-45D4-8BD0-9E16B3F93B2A}.1 = {0178B127-6269-407D-B112-93877BB62776}
		{97521D06-EC47-45D4-8BD0-9E16B3F93B2A}.2 = {F5AD9738-1A3D-4906-B9C4-A7D9CE33DC2C}
		{97521D06-EC47-45D4-8BD0-9E16B3F93B2A}.3 = {73C0A65B-D1F2-4DE1-B3A6-15DAD2C23F3D}
		{77C78066-746F-4EA6-B3FE-B8C8A4A97891}.0 = {6B231032-3CB5-4EED-9210-810D666A23A0}
		{77C78066-746F-4EA6-B3FE-B8C8A4A97891}.1 = {73C0A65B-D1F2-4DE1-B3A6-15DAD2C23F3D}
		{A02DB485-DC68-4B14-B5BB-115F1596BFF1}.0 = {6B231032-3CB5-4EED-9210-810D666A23A0}
		{A02DB485-DC68-4B14-B5BB-115F1596BFF1}.1 = {73C0A65B-D1F2-4DE1-B3A6-15DAD2C23F3D}
		{86829694-A375-4C58-B4EA-96EF514E3225}.0 = {6B231032-3CB5-4EED-9210-810D666A23A0}
		{86829694-A375-4C58-B4EA-96EF514E3225}.1 = {0178B127-6269-407D-B112-93877BB62776}
		{86829694-A375-4C58-B4EA-96EF514E3225}.2 = {73C0A65B-D1F2-4DE1-B3A6-15DAD2C23F3D}
		{0178B127-6269-407D-B112-93877BB62776}.0 = {73C0A65B-D1F2-4DE1-B3A6-15DAD2C23F3D}
		{10F01D38-993E-407A-89BD-5C1C63F3A08D}.0 = {73C0A65B-D1F2-4DE1-B3A6-15DAD2C23F3D}
		{73632960-B3A6-464D-83A3-4B43365F19B8}.0 = {6B231032-3CB5-4EED-9210-810D666A23A0}
		{73632960-B3A6-464D-83A3-4B43365F19B8}.1 = {0178B127-6269-407D-B112-93877BB62776}
		{73632960-B3A6-464D-83A3-4B43365F19B8}.2 = {73C0A65B-D1F2-4DE1-B3A6-15DAD2C23F3D}
		{C920062A-0647-4553-A3B2-37C58065664B}.0 = {73C0A65B-D1F2-4DE1-B3A6-15DAD2C23F3D}
		{37FC2C7F-1904-4811-8955-2F478830EAD1}.0 = {C920062A-0647-4553-A3B2-37C58065664B}
		{37FC2C7F-1904-4811-8955-2F478830EAD1}.1 = {0178B127-6269-407D-B112-93877BB62776}
		{37FC2C7F-1904-4811-8955-2F478830EAD1}.2 = {73C0A65B-D1F2-4DE1-B3A6-15DAD2C23F3D}
		{F5AD9738-1A3D-4906-B9C4-A7D9CE33DC2C}.0 = {6B231032-3CB5-4EED-9210-810D666A23A0}
		{F5AD9738-1A3D-4906-B9C4-A7D9CE33DC2C}.1 = {73C0A65B-D1F2-4DE1-B3A6-15DAD2C23F3D}
		{D9DF7F2F-93B7-4810-B5CD-96F4F33C079B}.0 = {74BA1DDE-CDBA-4802-B033-61A6C897515D}
		{D9DF7F2F-93B7-4810-B5CD-96F4F33C079B}.1 = {C2BE5000-7501-4E87-9724-B8D82494FAE6}
		{D9DF7F2F-93B7-4810-B5CD-96F4F33C079B}.2 = {6B231032-3CB5-4EED-9210-810D666A23A0}
		{D9DF7F2F-93B7-4810-B5CD-96F4F33C079B}.3 = {203EC78A-0531-43F0-A636-285439BDE025}
		{D9DF7F2F-93B7-4810-B5CD-96F4F33C079B}.4 = {4C8454FE-81D3-4CA3-9927-29BA96F03DAC}
		{D9DF7F2F-93B7-4810-B5CD-96F4F33C079B}.5 = {F5AD9738-1A3D-4906-B9C4-A7D9CE33DC2C}
		{D9DF7F2F-93B7-4810-B5CD-96F4F33C079B}.6 = {0178B127-6269-407D-B112-93877BB62776}
		{D9DF7F2F-93B7-4810-B5CD-96F4F33C079B}.7 = {86829694-A375-4C58-B4EA-96EF514E3225}
		{D9DF7F2F-93B7-4810-B5CD-96F4F33C079B}.8 = {A02DB485-DC68-4B14-B5BB-115F1596BFF1}
		{D9DF7F2F-93B7-4810-B5CD-96F4F33C079B}.9 = {77C78066-746F-4EA6-B3FE-B8C8A4A97891}
		{D9DF7F2F-93B7-4810-B5CD-96F4F33C079B}.10 = {97521D06-EC47-45D4-8BD0-9E16B3F93B2A}
		{D9DF7F2F-93B7-4810-B5CD-96F4F33C079B}.11 = {6F744648-D15F-478A-90C6-58E353B5DDB3}
		{D9DF7F2F-93B7-4810-B5CD-96F4F33C079B}.12 = {DBC0AF0B-B9FF-4B23-905B-4D4CDC2A91CB}
		{D9DF7F2F-93B7-4810-B5CD-96F4F33C079B}.13 = {F5213103-6CBE-46E6-B4CC-2570B6837D86}
		{D9DF7F2F-93B7-4810-B5CD-96F4F33C079B}.14 = {F5281B04-A9E0-4680-BBA8-1D7F7D115458}
		{D9DF7F2F-93B7-4810-B5CD-96F4F33C079B}.15 = {8B41752B-5A52-41E4-B7E0-07921C0CC6BF}
		{D9DF7F2F-93B7-4810-B5CD-96F4F33C079B}.16 = {A8D36F8D-09E6-4174-91C3-7BEAA9C3F04F}
		{D9DF7F2F-93B7-4810-B5CD-96F4F33C079B}.17 = {FDD3C4F2-9805-44EB-9A77-BC1C1C95B547}
		{D9DF7F2F-93B7-4810-B5CD-96F4F33C079B}.18 = {73C0A65B-D1F2-4DE1-B3A6-15DAD2C23F3D}
		{4C8454FE-81D3-4CA3-9927-29BA96F03DAC}.0 = {6B231032-3CB5-4EED-9210-810D666A23A0}
		{4C8454FE-81D3-4CA3-9927-29BA96F03DAC}.1 = {73C0A65B-D1F2-4DE1-B3A6-15DAD2C23F3D}
		{6B231032-3CB5-4EED-9210-810D666A23A0}.0 = {73C0A65B-D1F2-4DE1-B3A6-15DAD2C23F3D}
		{DBA4088D-F6F9-4F8F-8820-082A4765C16C}.0 = {4C8454FE-81D3-4CA3-9927-29BA96F03DAC}
		{DBA4088D-F6F9-4F8F-8820-082A4765C16C}.1 = {0178B127-6269-407D-B112-93877BB62776}
		{DBA4088D-F6F9-4F8F-8820-082A4765C16C}.2 = {97521D06-EC47-45D4-8BD0-9E16B3F93B2A}
		{DBA4088D-F6F9-4F8F-8820-082A4765C16C}.3 = {73C0A65B-D1F2-4DE1-B3A6-15DAD2C23F3D}
		{C2B04507-2521-4801-BF0D-5FD79D6D518C}.0 = {0178B127-6269-407D-B112-93877BB62776}
		{C2B04507-2521-4801-BF0D-5FD79D6D518C}.1 = {73C0A65B-D1F2-4DE1-B3A6-15DAD2C23F3D}
	EndGlobalSection
	GlobalSection(ProjectConfiguration) = postSolution
		{D6271E12-B9F5-49B8-BD94-62B236A96940}.Debug.ActiveCfg = Debug|Win32
		{D6271E12-B9F5-49B8-BD94-62B236A96940}.Debug.Build.0 = Debug|Win32
		{D6271E12-B9F5-49B8-BD94-62B236A96940}.Release.ActiveCfg = Release|Win32
		{D6271E12-B9F5-49B8-BD94-62B236A96940}.Release.Build.0 = Release|Win32
		{3D1246AE-1B32-479B-BECA-AEFA97BE2321}.Debug.ActiveCfg = Debug|Win32
		{3D1246AE-1B32-479B-BECA-AEFA97BE2321}.Debug.Build.0 = Debug|Win32
		{3D1246AE-1B32-479B-BECA-AEFA97BE2321}.Release.ActiveCfg = Release|Win32
		{3D1246AE-1B32-479B-BECA-AEFA97BE2321}.Release.Build.0 = Release|Win32
		{73C0A65B-D1F2-4DE1-B3A6-15DAD2C23F3D}.Debug.ActiveCfg = Debug|Win32
		{73C0A65B-D1F2-4DE1-B3A6-15DAD2C23F3D}.Debug.Build.0 = Debug|Win32
		{73C0A65B-D1F2-4DE1-B3A6-15DAD2C23F3D}.Release.ActiveCfg = Release|Win32
		{73C0A65B-D1F2-4DE1-B3A6-15DAD2C23F3D}.Release.Build.0 = Release|Win32
		{ECA6B435-B4FA-4F9F-BF95-F451D078FC47}.Debug.ActiveCfg = Debug|Win32
		{ECA6B435-B4FA-4F9F-BF95-F451D078FC47}.Debug.Build.0 = Debug|Win32
		{ECA6B435-B4FA-4F9F-BF95-F451D078FC47}.Release.ActiveCfg = Release|Win32
		{ECA6B435-B4FA-4F9F-BF95-F451D078FC47}.Release.Build.0 = Release|Win32
		{20869594-A3DD-4A75-8068-99B03A5CF4E4}.Debug.ActiveCfg = Debug|Win32
		{20869594-A3DD-4A75-8068-99B03A5CF4E4}.Debug.Build.0 = Debug|Win32
		{20869594-A3DD-4A75-8068-99B03A5CF4E4}.Release.ActiveCfg = Release|Win32
		{20869594-A3DD-4A75-8068-99B03A5CF4E4}.Release.Build.0 = Release|Win32
		{D3065ADB-8820-4CC7-9B6C-9510833961A3}.Debug.ActiveCfg = Debug|Win32
		{D3065ADB-8820-4CC7-9B6C-9510833961A3}.Debug.Build.0 = Debug|Win32
		{D3065ADB-8820-4CC7-9B6C-9510833961A3}.Release.ActiveCfg = Release|Win32
		{D3065ADB-8820-4CC7-9B6C-9510833961A3}.Release.Build.0 = Release|Win32
		{C2BE5000-7501-4E87-9724-B8D82494FAE6}.Debug.ActiveCfg = Debug|Win32
		{C2BE5000-7501-4E87-9724-B8D82494FAE6}.Debug.Build.0 = Debug|Win32
		{C2BE5000-7501-4E87-9724-B8D82494FAE6}.Release.ActiveCfg = Release|Win32
		{C2BE5000-7501-4E87-9724-B8D82494FAE6}.Release.Build.0 = Release|Win32
		{FDD3C4F2-9805-44EB-9A77-BC1C1C95B547}.Debug.ActiveCfg = Debug|Win32
		{FDD3C4F2-9805-44EB-9A77-BC1C1C95B547}.Debug.Build.0 = Debug|Win32
		{FDD3C4F2-9805-44EB-9A77-BC1C1C95B547}.Release.ActiveCfg = Release|Win32
		{FDD3C4F2-9805-44EB-9A77-BC1C1C95B547}.Release.Build.0 = Release|Win32
		{A8D36F8D-09E6-4174-91C3-7BEAA9C3F04F}.Debug.ActiveCfg = Debug|Win32
		{A8D36F8D-09E6-4174-91C3-7BEAA9C3F04F}.Debug.Build.0 = Debug|Win32
		{A8D36F8D-09E6-4174-91C3-7BEAA9C3F04F}.Release.ActiveCfg = Release|Win32
		{A8D36F8D-09E6-4174-91C3-7BEAA9C3F04F}.Release.Build.0 = Release|Win32
		{8B41752B-5A52-41E4-B7E0-07921C0CC6BF}.Debug.ActiveCfg = Debug|Win32
		{8B41752B-5A52-41E4-B7E0-07921C0CC6BF}.Debug.Build.0 = Debug|Win32
		{8B41752B-5A52-41E4-B7E0-07921C0CC6BF}.Release.ActiveCfg = Release|Win32
		{8B41752B-5A52-41E4-B7E0-07921C0CC6BF}.Release.Build.0 = Release|Win32
		{74BA1DDE-CDBA-4802-B033-61A6C897515D}.Debug.ActiveCfg = Debug|Win32
		{74BA1DDE-CDBA-4802-B033-61A6C897515D}.Debug.Build.0 = Debug|Win32
		{74BA1DDE-CDBA-4802-B033-61A6C897515D}.Release.ActiveCfg = Release|Win32
		{74BA1DDE-CDBA-4802-B033-61A6C897515D}.Release.Build.0 = Release|Win32
		{F5281B04-A9E0-4680-BBA8-1D7F7D115458}.Debug.ActiveCfg = Debug|Win32
		{F5281B04-A9E0-4680-BBA8-1D7F7D115458}.Debug.Build.0 = Debug|Win32
		{F5281B04-A9E0-4680-BBA8-1D7F7D115458}.Release.ActiveCfg = Release|Win32
		{F5281B04-A9E0-4680-BBA8-1D7F7D115458}.Release.Build.0 = Release|Win32
		{F5213103-6CBE-46E6-B4CC-2570B6837D86}.Debug.ActiveCfg = Debug|Win32
		{F5213103-6CBE-46E6-B4CC-2570B6837D86}.Debug.Build.0 = Debug|Win32
		{F5213103-6CBE-46E6-B4CC-2570B6837D86}.Release.ActiveCfg = Release|Win32
		{F5213103-6CBE-46E6-B4CC-2570B6837D86}.Release.Build.0 = Release|Win32
		{DBC0AF0B-B9FF-4B23-905B-4D4CDC2A91CB}.Debug.ActiveCfg = Debug|Win32
		{DBC0AF0B-B9FF-4B23-905B-4D4CDC2A91CB}.Debug.Build.0 = Debug|Win32
		{DBC0AF0B-B9FF-4B23-905B-4D4CDC2A91CB}.Release.ActiveCfg = Release|Win32
		{DBC0AF0B-B9FF-4B23-905B-4D4CDC2A91CB}.Release.Build.0 = Release|Win32
		{6F744648-D15F-478A-90C6-58E353B5DDB3}.Debug.ActiveCfg = Debug|Win32
		{6F744648-D15F-478A-90C6-58E353B5DDB3}.Debug.Build.0 = Debug|Win32
		{6F744648-D15F-478A-90C6-58E353B5DDB3}.Release.ActiveCfg = Release|Win32
		{6F744648-D15F-478A-90C6-58E353B5DDB3}.Release.Build.0 = Release|Win32
		{97521D06-EC47-45D4-8BD0-9E16B3F93B2A}.Debug.ActiveCfg = Debug|Win32
		{97521D06-EC47-45D4-8BD0-9E16B3F93B2A}.Debug.Build.0 = Debug|Win32
		{97521D06-EC47-45D4-8BD0-9E16B3F93B2A}.Release.ActiveCfg = Release|Win32
		{97521D06-EC47-45D4-8BD0-9E16B3F93B2A}.Release.Build.0 = Release|Win32
		{77C78066-746F-4EA6-B3FE-B8C8A4A97891}.Debug.ActiveCfg = Debug|Win32
		{77C78066-746F-4EA6-B3FE-B8C8A4A97891}.Debug.Build.0 = Debug|Win32
		{77C78066-746F-4EA6-B3FE-B8C8A4A97891}.Release.ActiveCfg = Release|Win32
		{77C78066-746F-4EA6-B3FE-B8C8A4A97891}.Release.Build.0 = Release|Win32
		{A02DB485-DC68-4B14-B5BB-115F1596BFF1}.Debug.ActiveCfg = Debug|Win32
		{A02DB485-DC68-4B14-B5BB-115F1596BFF1}.Debug.Build.0 = Debug|Win32
		{A02DB485-DC68-4B14-B5BB-115F1596BFF1}.Release.ActiveCfg = Release|Win32
		{A02DB485-DC68-4B14-B5BB-115F1596BFF1}.Release.Build.0 = Release|Win32
		{86829694-A375-4C58-B4EA-96EF514E3225}.Debug.ActiveCfg = Debug|Win32
		{86829694-A375-4C58-B4EA-96EF514E3225}.Debug.Build.0 = Debug|Win32
		{86829694-A375-4C58-B4EA-96EF514E3225}.Release.ActiveCfg = Release|Win32
		{86829694-A375-4C58-B4EA-96EF514E3225}.Release.Build.0 = Release|Win32
		{0178B127-6269-407D-B112-93877BB62776}.Debug.ActiveCfg = Debug|Win32
		{0178B127-6269-407D-B112-93877BB62776}.Debug.Build.0 = Debug|Win32
		{0178B127-6269-407D-B112-93877BB62776}.Release.ActiveCfg = Release|Win32
		{0178B127-6269-407D-B112-93877BB62776}.Release.Build.0 = Release|Win32
		{10F01D38-993E-407A-89BD-5C1C63F3A08D}.Debug.ActiveCfg = Debug|Win32
		{10F01D38-993E-407A-89BD-5C1C63F3A08D}.Debug.Build.0 = Debug|Win32
		{10F01D38-993E-407A-89BD-5C1C63F3A08D}.Release.ActiveCfg = Release|Win32
		{10F01D38-993E-407A-89BD-5C1C63F3A08D}.Release.Build.0 = Release|Win32
		{73632960-B3A6-464D-83A3-4B43365F19B8}.Debug.ActiveCfg = Debug|Win32
		{73632960-B3A6-464D-83A3-4B43365F19B8}.Debug.Build.0 = Debug|Win32
		{73632960-B3A6-464D-83A3-4B43365F19B8}.Release.ActiveCfg = Release|Win32
		{73632960-B3A6-464D-83A3-4B43365F19B8}.Release.Build.0 = Release|Win32
		{C920062A-0647-4553-A3B2-37C58065664B}.Debug.ActiveCfg = Debug|Win32
		{C920062A-0647-4553-A3B2-37C58065664B}.Debug.Build.0 = Debug|Win32
		{C920062A-0647-4553-A3B2-37C58065664B}.Release.ActiveCfg = Release|Win32
		{C920062A-0647-4553-A3B2-37C58065664B}.Release.Build.0 = Release|Win32
		{37FC2C7F-1904-4811-8955-2F478830EAD1}.Debug.ActiveCfg = Debug|Win32
		{37FC2C7F-1904-4811-8955-2F478830EAD1}.Debug.Build.0 = Debug|Win32
		{37FC2C7F-1904-4811-8955-2F478830EAD1}.Release.ActiveCfg = Release|Win32
		{37FC2C7F-1904-4811-8955-2F478830EAD1}.Release.Build.0 = Release|Win32
		{F5AD9738-1A3D-4906-B9C4-A7D9CE33DC2C}.Debug.ActiveCfg = Debug|Win32
		{F5AD9738-1A3D-4906-B9C4-A7D9CE33DC2C}.Debug.Build.0 = Debug|Win32
		{F5AD9738-1A3D-4906-B9C4-A7D9CE33DC2C}.Release.ActiveCfg = Release|Win32
		{F5AD9738-1A3D-4906-B9C4-A7D9CE33DC2C}.Release.Build.0 = Release|Win32
		{D9DF7F2F-93B7-4810-B5CD-96F4F33C079B}.Debug.ActiveCfg = Debug|Win32
		{D9DF7F2F-93B7-4810-B5CD-96F4F33C079B}.Debug.Build.0 = Debug|Win32
		{D9DF7F2F-93B7-4810-B5CD-96F4F33C079B}.Release.ActiveCfg = Release|Win32
		{D9DF7F2F-93B7-4810-B5CD-96F4F33C079B}.Release.Build.0 = Release|Win32
		{4C8454FE-81D3-4CA3-9927-29BA96F03DAC}.Debug.ActiveCfg = Debug|Win32
		{4C8454FE-81D3-4CA3-9927-29BA96F03DAC}.Debug.Build.0 = Debug|Win32
		{4C8454FE-81D3-4CA3-9927-29BA96F03DAC}.Release.ActiveCfg = Release|Win32
		{4C8454FE-81D3-4CA3-9927-29BA96F03DAC}.Release.Build.0 = Release|Win32
		{203EC78A-0531-43F0-A636-285439BDE025}.Debug.ActiveCfg = Debug|Win32
		{203EC78A-0531-43F0-A636-285439BDE025}.Debug.Build.0 = Debug|Win32
		{203EC78A-0531-43F0-A636-285439BDE025}.Release.ActiveCfg = Release|Win32
		{203EC78A-0531-43F0-A636-285439BDE025}.Release.Build.0 = Release|Win32
		{6B231032-3CB5-4EED-9210-810D666A23A0}.Debug.ActiveCfg = Debug|Win32
		{6B231032-3CB5-4EED-9210-810D666A23A0}.Debug.Build.0 = Debug|Win32
		{6B231032-3CB5-4EED-9210-810D666A23A0}.Release.ActiveCfg = Release|Win32
		{6B231032-3CB5-4EED-9210-810D666A23A0}.Release.Build.0 = Release|Win32
		{DBA4088D-F6F9-4F8F-8820-082A4765C16C}.Debug.ActiveCfg = Debug|Win32
		{DBA4088D-F6F9-4F8F-8820-082A4765C16C}.Debug.Build.0 = Debug|Win32
		{DBA4088D-F6F9-4F8F-8820-082A4765C16C}.Release.ActiveCfg = Release|Win32
		{DBA4088D-F6F9-4F8F-8820-082A4765C16C}.Release.Build.0 = Release|Win32
		{C2B04507-2521-4801-BF0D-5FD79D6D518C}.Debug.ActiveCfg = Debug|Win32
		{C2B04507-2521-4801-BF0D-5FD79D6D518C}.Debug.Build.0 = Debug|Win32
		{C2B04507-2521-4801-BF0D-5FD79D6D518C}.Release.ActiveCfg = Release|Win32
		{C2B04507-2521-4801-BF0D-5FD79D6D518C}.Release.Build.0 = Release|Win32
	EndGlobalSection
	GlobalSection(ExtensibilityGlobals) = postSolution
	EndGlobalSection
	GlobalSection(ExtensibilityAddIns) = postSolution
	EndGlobalSection
EndGlobal
