Microsoft Visual Studio Solution File, Format Version 8.00
Project("{8BC9CEB8-8B4A-11D0-8D11-00A0C91BC942}") = "cintltst", "..\test\cintltst\cintltst.vcproj", "{3D1246AE-1B32-479B-BECA-AEFA97BE2321}"
	ProjectSection(ProjectDependencies) = postProject
		{0178B127-6269-407D-B112-93877BB62776} = {0178B127-6269-407D-B112-93877BB62776}
		{6B231032-3CB5-4EED-9210-810D666A23A0} = {6B231032-3CB5-4EED-9210-810D666A23A0}
		{ECA6B435-B4FA-4F9F-BF95-F451D078FC47} = {ECA6B435-B4FA-4F9F-BF95-F451D078FC47}
		{73C0A65B-D1F2-4DE1-B3A6-15DAD2C23F3D} = {73C0A65B-D1F2-4DE1-B3A6-15DAD2C23F3D}
	EndProjectSection
EndProject
Project("{8BC9CEB8-8B4A-11D0-8D11-00A0C91BC942}") = "common", "..\common\common.vcproj", "{73C0A65B-D1F2-4DE1-B3A6-15DAD2C23F3D}"
	ProjectSection(ProjectDependencies) = postProject
		{203EC78A-0531-43F0-A636-285439BDE025} = {203EC78A-0531-43F0-A636-285439BDE025}
	EndProjectSection
EndProject
Project("{8BC9CEB8-8B4A-11D0-8D11-00A0C91BC942}") = "ctestfw", "..\tools\ctestfw\ctestfw.vcproj", "{ECA6B435-B4FA-4F9F-BF95-F451D078FC47}"
	ProjectSection(ProjectDependencies) = postProject
		{73C0A65B-D1F2-4DE1-B3A6-15DAD2C23F3D} = {73C0A65B-D1F2-4DE1-B3A6-15DAD2C23F3D}
	EndProjectSection
EndProject
Project("{8BC9CEB8-8B4A-11D0-8D11-00A0C91BC942}") = "decmn", "..\tools\gencmn\decmn.vcproj", "{20869594-A3DD-4A75-8068-99B03A5CF4E4}"
	ProjectSection(ProjectDependencies) = postProject
		{6B231032-3CB5-4EED-9210-810D666A23A0} = {6B231032-3CB5-4EED-9210-810D666A23A0}
		{73C0A65B-D1F2-4DE1-B3A6-15DAD2C23F3D} = {73C0A65B-D1F2-4DE1-B3A6-15DAD2C23F3D}
	EndProjectSection
EndProject
Project("{8BC9CEB8-8B4A-11D0-8D11-00A0C91BC942}") = "derb", "..\tools\genrb\derb.vcproj", "{D3065ADB-8820-4CC7-9B6C-9510833961A3}"
	ProjectSection(ProjectDependencies) = postProject
		{6B231032-3CB5-4EED-9210-810D666A23A0} = {6B231032-3CB5-4EED-9210-810D666A23A0}
		{73C0A65B-D1F2-4DE1-B3A6-15DAD2C23F3D} = {73C0A65B-D1F2-4DE1-B3A6-15DAD2C23F3D}
	EndProjectSection
EndProject
Project("{8BC9CEB8-8B4A-11D0-8D11-00A0C91BC942}") = "genbrk", "..\tools\genbrk\genbrk.vcproj", "{C2BE5000-7501-4E87-9724-B8D82494FAE6}"
	ProjectSection(ProjectDependencies) = postProject
		{6B231032-3CB5-4EED-9210-810D666A23A0} = {6B231032-3CB5-4EED-9210-810D666A23A0}
		{73C0A65B-D1F2-4DE1-B3A6-15DAD2C23F3D} = {73C0A65B-D1F2-4DE1-B3A6-15DAD2C23F3D}
	EndProjectSection
EndProject
Project("{8BC9CEB8-8B4A-11D0-8D11-00A0C91BC942}") = "genccode", "..\tools\genccode\genccode.vcproj", "{FDD3C4F2-9805-44EB-9A77-BC1C1C95B547}"
	ProjectSection(ProjectDependencies) = postProject
		{6B231032-3CB5-4EED-9210-810D666A23A0} = {6B231032-3CB5-4EED-9210-810D666A23A0}
		{73C0A65B-D1F2-4DE1-B3A6-15DAD2C23F3D} = {73C0A65B-D1F2-4DE1-B3A6-15DAD2C23F3D}
	EndProjectSection
EndProject
Project("{8BC9CEB8-8B4A-11D0-8D11-00A0C91BC942}") = "gencmn", "..\tools\gencmn\gencmn.vcproj", "{A8D36F8D-09E6-4174-91C3-7BEAA9C3F04F}"
	ProjectSection(ProjectDependencies) = postProject
		{6B231032-3CB5-4EED-9210-810D666A23A0} = {6B231032-3CB5-4EED-9210-810D666A23A0}
		{73C0A65B-D1F2-4DE1-B3A6-15DAD2C23F3D} = {73C0A65B-D1F2-4DE1-B3A6-15DAD2C23F3D}
	EndProjectSection
EndProject
Project("{8BC9CEB8-8B4A-11D0-8D11-00A0C91BC942}") = "gencnval", "..\tools\gencnval\gencnval.vcproj", "{8B41752B-5A52-41E4-B7E0-07921C0CC6BF}"
	ProjectSection(ProjectDependencies) = postProject
		{6B231032-3CB5-4EED-9210-810D666A23A0} = {6B231032-3CB5-4EED-9210-810D666A23A0}
		{73C0A65B-D1F2-4DE1-B3A6-15DAD2C23F3D} = {73C0A65B-D1F2-4DE1-B3A6-15DAD2C23F3D}
	EndProjectSection
EndProject
Project("{8BC9CEB8-8B4A-11D0-8D11-00A0C91BC942}") = "gennames", "..\tools\gennames\gennames.vcproj", "{F5281B04-A9E0-4680-BBA8-1D7F7D115458}"
	ProjectSection(ProjectDependencies) = postProject
		{6B231032-3CB5-4EED-9210-810D666A23A0} = {6B231032-3CB5-4EED-9210-810D666A23A0}
		{73C0A65B-D1F2-4DE1-B3A6-15DAD2C23F3D} = {73C0A65B-D1F2-4DE1-B3A6-15DAD2C23F3D}
	EndProjectSection
EndProject
Project("{8BC9CEB8-8B4A-11D0-8D11-00A0C91BC942}") = "gennorm", "..\tools\gennorm\gennorm.vcproj", "{F5213103-6CBE-46E6-B4CC-2570B6837D86}"
	ProjectSection(ProjectDependencies) = postProject
		{6B231032-3CB5-4EED-9210-810D666A23A0} = {6B231032-3CB5-4EED-9210-810D666A23A0}
		{73C0A65B-D1F2-4DE1-B3A6-15DAD2C23F3D} = {73C0A65B-D1F2-4DE1-B3A6-15DAD2C23F3D}
	EndProjectSection
EndProject
Project("{8BC9CEB8-8B4A-11D0-8D11-00A0C91BC942}") = "genpname", "..\tools\genpname\genpname.vcproj", "{DBC0AF0B-B9FF-4B23-905B-4D4CDC2A91CB}"
	ProjectSection(ProjectDependencies) = postProject
		{6B231032-3CB5-4EED-9210-810D666A23A0} = {6B231032-3CB5-4EED-9210-810D666A23A0}
		{73C0A65B-D1F2-4DE1-B3A6-15DAD2C23F3D} = {73C0A65B-D1F2-4DE1-B3A6-15DAD2C23F3D}
	EndProjectSection
EndProject
Project("{8BC9CEB8-8B4A-11D0-8D11-00A0C91BC942}") = "genprops", "..\tools\genprops\genprops.vcproj", "{6F744648-D15F-478A-90C6-58E353B5DDB3}"
	ProjectSection(ProjectDependencies) = postProject
		{6B231032-3CB5-4EED-9210-810D666A23A0} = {6B231032-3CB5-4EED-9210-810D666A23A0}
		{73C0A65B-D1F2-4DE1-B3A6-15DAD2C23F3D} = {73C0A65B-D1F2-4DE1-B3A6-15DAD2C23F3D}
	EndProjectSection
EndProject
Project("{8BC9CEB8-8B4A-11D0-8D11-00A0C91BC942}") = "genrb", "..\tools\genrb\genrb.vcproj", "{97521D06-EC47-45D4-8BD0-9E16B3F93B2A}"
	ProjectSection(ProjectDependencies) = postProject
		{0178B127-6269-407D-B112-93877BB62776} = {0178B127-6269-407D-B112-93877BB62776}
		{6B231032-3CB5-4EED-9210-810D666A23A0} = {6B231032-3CB5-4EED-9210-810D666A23A0}
		{73C0A65B-D1F2-4DE1-B3A6-15DAD2C23F3D} = {73C0A65B-D1F2-4DE1-B3A6-15DAD2C23F3D}
	EndProjectSection
EndProject
Project("{8BC9CEB8-8B4A-11D0-8D11-00A0C91BC942}") = "gentest", "..\tools\gentest\gentest.vcproj", "{77C78066-746F-4EA6-B3FE-B8C8A4A97891}"
	ProjectSection(ProjectDependencies) = postProject
		{6B231032-3CB5-4EED-9210-810D666A23A0} = {6B231032-3CB5-4EED-9210-810D666A23A0}
		{73C0A65B-D1F2-4DE1-B3A6-15DAD2C23F3D} = {73C0A65B-D1F2-4DE1-B3A6-15DAD2C23F3D}
	EndProjectSection
EndProject
Project("{8BC9CEB8-8B4A-11D0-8D11-00A0C91BC942}") = "genuca", "..\tools\genuca\genuca.vcproj", "{86829694-A375-4C58-B4EA-96EF514E3225}"
	ProjectSection(ProjectDependencies) = postProject
		{0178B127-6269-407D-B112-93877BB62776} = {0178B127-6269-407D-B112-93877BB62776}
		{6B231032-3CB5-4EED-9210-810D666A23A0} = {6B231032-3CB5-4EED-9210-810D666A23A0}
		{73C0A65B-D1F2-4DE1-B3A6-15DAD2C23F3D} = {73C0A65B-D1F2-4DE1-B3A6-15DAD2C23F3D}
	EndProjectSection
EndProject
Project("{8BC9CEB8-8B4A-11D0-8D11-00A0C91BC942}") = "i18n", "..\i18n\i18n.vcproj", "{0178B127-6269-407D-B112-93877BB62776}"
	ProjectSection(ProjectDependencies) = postProject
		{73C0A65B-D1F2-4DE1-B3A6-15DAD2C23F3D} = {73C0A65B-D1F2-4DE1-B3A6-15DAD2C23F3D}
	EndProjectSection
EndProject
Project("{8BC9CEB8-8B4A-11D0-8D11-00A0C91BC942}") = "intltest", "..\test\intltest\intltest.vcproj", "{73632960-B3A6-464D-83A3-4B43365F19B8}"
	ProjectSection(ProjectDependencies) = postProject
		{0178B127-6269-407D-B112-93877BB62776} = {0178B127-6269-407D-B112-93877BB62776}
		{6B231032-3CB5-4EED-9210-810D666A23A0} = {6B231032-3CB5-4EED-9210-810D666A23A0}
		{ECA6B435-B4FA-4F9F-BF95-F451D078FC47} = {ECA6B435-B4FA-4F9F-BF95-F451D078FC47}
		{73C0A65B-D1F2-4DE1-B3A6-15DAD2C23F3D} = {73C0A65B-D1F2-4DE1-B3A6-15DAD2C23F3D}
	EndProjectSection
EndProject
Project("{8BC9CEB8-8B4A-11D0-8D11-00A0C91BC942}") = "layout", "..\layout\layout.vcproj", "{C920062A-0647-4553-A3B2-37C58065664B}"
	ProjectSection(ProjectDependencies) = postProject
		{73C0A65B-D1F2-4DE1-B3A6-15DAD2C23F3D} = {73C0A65B-D1F2-4DE1-B3A6-15DAD2C23F3D}
	EndProjectSection
EndProject
Project("{8BC9CEB8-8B4A-11D0-8D11-00A0C91BC942}") = "layoutex", "..\layoutex\layoutex.vcproj", "{37FC2C7F-1904-4811-8955-2F478830EAD1}"
	ProjectSection(ProjectDependencies) = postProject
		{C920062A-0647-4553-A3B2-37C58065664B} = {C920062A-0647-4553-A3B2-37C58065664B}
		{73C0A65B-D1F2-4DE1-B3A6-15DAD2C23F3D} = {73C0A65B-D1F2-4DE1-B3A6-15DAD2C23F3D}
	EndProjectSection
EndProject
Project("{8BC9CEB8-8B4A-11D0-8D11-00A0C91BC942}") = "makeconv", "..\tools\makeconv\makeconv.vcproj", "{F5AD9738-1A3D-4906-B9C4-A7D9CE33DC2C}"
	ProjectSection(ProjectDependencies) = postProject
		{6B231032-3CB5-4EED-9210-810D666A23A0} = {6B231032-3CB5-4EED-9210-810D666A23A0}
		{73C0A65B-D1F2-4DE1-B3A6-15DAD2C23F3D} = {73C0A65B-D1F2-4DE1-B3A6-15DAD2C23F3D}
	EndProjectSection
EndProject
Project("{8BC9CEB8-8B4A-11D0-8D11-00A0C91BC942}") = "makedata", "..\data\makedata.vcproj", "{D9DF7F2F-93B7-4810-B5CD-96F4F33C079B}"
	ProjectSection(ProjectDependencies) = postProject
		{C2BE5000-7501-4E87-9724-B8D82494FAE6} = {C2BE5000-7501-4E87-9724-B8D82494FAE6}
		{F5213103-6CBE-46E6-B4CC-2570B6837D86} = {F5213103-6CBE-46E6-B4CC-2570B6837D86}
		{F5281B04-A9E0-4680-BBA8-1D7F7D115458} = {F5281B04-A9E0-4680-BBA8-1D7F7D115458}
		{97521D06-EC47-45D4-8BD0-9E16B3F93B2A} = {97521D06-EC47-45D4-8BD0-9E16B3F93B2A}
		{DBC0AF0B-B9FF-4B23-905B-4D4CDC2A91CB} = {DBC0AF0B-B9FF-4B23-905B-4D4CDC2A91CB}
		{0178B127-6269-407D-B112-93877BB62776} = {0178B127-6269-407D-B112-93877BB62776}
		{8B41752B-5A52-41E4-B7E0-07921C0CC6BF} = {8B41752B-5A52-41E4-B7E0-07921C0CC6BF}
		{6B231032-3CB5-4EED-9210-810D666A23A0} = {6B231032-3CB5-4EED-9210-810D666A23A0}
		{F5AD9738-1A3D-4906-B9C4-A7D9CE33DC2C} = {F5AD9738-1A3D-4906-B9C4-A7D9CE33DC2C}
		{6F744648-D15F-478A-90C6-58E353B5DDB3} = {6F744648-D15F-478A-90C6-58E353B5DDB3}
		{73C0A65B-D1F2-4DE1-B3A6-15DAD2C23F3D} = {73C0A65B-D1F2-4DE1-B3A6-15DAD2C23F3D}
		{77C78066-746F-4EA6-B3FE-B8C8A4A97891} = {77C78066-746F-4EA6-B3FE-B8C8A4A97891}
		{203EC78A-0531-43F0-A636-285439BDE025} = {203EC78A-0531-43F0-A636-285439BDE025}
		{A8D36F8D-09E6-4174-91C3-7BEAA9C3F04F} = {A8D36F8D-09E6-4174-91C3-7BEAA9C3F04F}
		{86829694-A375-4C58-B4EA-96EF514E3225} = {86829694-A375-4C58-B4EA-96EF514E3225}
		{631C23CE-6C1D-4875-88F0-85E0A42B36EA} = {631C23CE-6C1D-4875-88F0-85E0A42B36EA}
		{FDD3C4F2-9805-44EB-9A77-BC1C1C95B547} = {FDD3C4F2-9805-44EB-9A77-BC1C1C95B547}
		{4C8454FE-81D3-4CA3-9927-29BA96F03DAC} = {4C8454FE-81D3-4CA3-9927-29BA96F03DAC}
	EndProjectSection
EndProject
Project("{8BC9CEB8-8B4A-11D0-8D11-00A0C91BC942}") = "pkgdata", "..\tools\pkgdata\pkgdata.vcproj", "{4C8454FE-81D3-4CA3-9927-29BA96F03DAC}"
	ProjectSection(ProjectDependencies) = postProject
		{6B231032-3CB5-4EED-9210-810D666A23A0} = {6B231032-3CB5-4EED-9210-810D666A23A0}
		{73C0A65B-D1F2-4DE1-B3A6-15DAD2C23F3D} = {73C0A65B-D1F2-4DE1-B3A6-15DAD2C23F3D}
		{A8D36F8D-09E6-4174-91C3-7BEAA9C3F04F} = {A8D36F8D-09E6-4174-91C3-7BEAA9C3F04F}
		{FDD3C4F2-9805-44EB-9A77-BC1C1C95B547} = {FDD3C4F2-9805-44EB-9A77-BC1C1C95B547}
	EndProjectSection
EndProject
Project("{8BC9CEB8-8B4A-11D0-8D11-00A0C91BC942}") = "stubdata", "..\stubdata\stubdata.vcproj", "{203EC78A-0531-43F0-A636-285439BDE025}"
	ProjectSection(ProjectDependencies) = postProject
	EndProjectSection
EndProject
Project("{8BC9CEB8-8B4A-11D0-8D11-00A0C91BC942}") = "toolutil", "..\tools\toolutil\toolutil.vcproj", "{6B231032-3CB5-4EED-9210-810D666A23A0}"
	ProjectSection(ProjectDependencies) = postProject
		{73C0A65B-D1F2-4DE1-B3A6-15DAD2C23F3D} = {73C0A65B-D1F2-4DE1-B3A6-15DAD2C23F3D}
	EndProjectSection
EndProject
Project("{8BC9CEB8-8B4A-11D0-8D11-00A0C91BC942}") = "uconv", "..\extra\uconv\uconv.vcproj", "{DBA4088D-F6F9-4F8F-8820-082A4765C16C}"
	ProjectSection(ProjectDependencies) = postProject
		{97521D06-EC47-45D4-8BD0-9E16B3F93B2A} = {97521D06-EC47-45D4-8BD0-9E16B3F93B2A}
		{0178B127-6269-407D-B112-93877BB62776} = {0178B127-6269-407D-B112-93877BB62776}
		{73C0A65B-D1F2-4DE1-B3A6-15DAD2C23F3D} = {73C0A65B-D1F2-4DE1-B3A6-15DAD2C23F3D}
		{4C8454FE-81D3-4CA3-9927-29BA96F03DAC} = {4C8454FE-81D3-4CA3-9927-29BA96F03DAC}
	EndProjectSection
EndProject
Project("{8BC9CEB8-8B4A-11D0-8D11-00A0C91BC942}") = "io", "..\io\io.vcproj", "{C2B04507-2521-4801-BF0D-5FD79D6D518C}"
	ProjectSection(ProjectDependencies) = postProject
		{0178B127-6269-407D-B112-93877BB62776} = {0178B127-6269-407D-B112-93877BB62776}
		{73C0A65B-D1F2-4DE1-B3A6-15DAD2C23F3D} = {73C0A65B-D1F2-4DE1-B3A6-15DAD2C23F3D}
	EndProjectSection
EndProject
Project("{8BC9CEB8-8B4A-11D0-8D11-00A0C91BC942}") = "gensprep", "..\tools\gensprep\gensprep.vcproj", "{631C23CE-6C1D-4875-88F0-85E0A42B36EA}"
	ProjectSection(ProjectDependencies) = postProject
		{6B231032-3CB5-4EED-9210-810D666A23A0} = {6B231032-3CB5-4EED-9210-810D666A23A0}
		{73C0A65B-D1F2-4DE1-B3A6-15DAD2C23F3D} = {73C0A65B-D1F2-4DE1-B3A6-15DAD2C23F3D}
	EndProjectSection
EndProject
Project("{8BC9CEB8-8B4A-11D0-8D11-00A0C91BC942}") = "icuswap", "..\tools\icuswap\icuswap.vcproj", "{6FC24387-370C-4561-9582-7A819749E2C5}"
	ProjectSection(ProjectDependencies) = postProject
		{0178B127-6269-407D-B112-93877BB62776} = {0178B127-6269-407D-B112-93877BB62776}
		{6B231032-3CB5-4EED-9210-810D666A23A0} = {6B231032-3CB5-4EED-9210-810D666A23A0}
		{73C0A65B-D1F2-4DE1-B3A6-15DAD2C23F3D} = {73C0A65B-D1F2-4DE1-B3A6-15DAD2C23F3D}
	EndProjectSection
EndProject
Project("{8BC9CEB8-8B4A-11D0-8D11-00A0C91BC942}") = "iotest", "..\test\iotest\iotest.vcproj", "{E4993E82-D68A-46CA-BAE0-9D35E172E46F}"
	ProjectSection(ProjectDependencies) = postProject
		{C2B04507-2521-4801-BF0D-5FD79D6D518C} = {C2B04507-2521-4801-BF0D-5FD79D6D518C}
		{0178B127-6269-407D-B112-93877BB62776} = {0178B127-6269-407D-B112-93877BB62776}
		{ECA6B435-B4FA-4F9F-BF95-F451D078FC47} = {ECA6B435-B4FA-4F9F-BF95-F451D078FC47}
		{73C0A65B-D1F2-4DE1-B3A6-15DAD2C23F3D} = {73C0A65B-D1F2-4DE1-B3A6-15DAD2C23F3D}
	EndProjectSection
EndProject
Global
	GlobalSection(SolutionConfiguration) = preSolution
		Debug = Debug
		Release = Release
	EndGlobalSection
	GlobalSection(ProjectConfiguration) = postSolution
		{3D1246AE-1B32-479B-BECA-AEFA97BE2321}.Debug.ActiveCfg = Debug|Win32
		{3D1246AE-1B32-479B-BECA-AEFA97BE2321}.Debug.Build.0 = Debug|Win32
		{3D1246AE-1B32-479B-BECA-AEFA97BE2321}.Release.ActiveCfg = Release|Win32
		{3D1246AE-1B32-479B-BECA-AEFA97BE2321}.Release.Build.0 = Release|Win32
		{73C0A65B-D1F2-4DE1-B3A6-15DAD2C23F3D}.Debug.ActiveCfg = Debug|Win32
		{73C0A65B-D1F2-4DE1-B3A6-15DAD2C23F3D}.Debug.Build.0 = Debug|Win32
		{73C0A65B-D1F2-4DE1-B3A6-15DAD2C23F3D}.Release.ActiveCfg = Release|Win32
		{73C0A65B-D1F2-4DE1-B3A6-15DAD2C23F3D}.Release.Build.0 = Release|Win32
		{ECA6B435-B4FA-4F9F-BF95-F451D078FC47}.Debug.ActiveCfg = Debug|Win32
		{ECA6B435-B4FA-4F9F-BF95-F451D078FC47}.Debug.Build.0 = Debug|Win32
		{ECA6B435-B4FA-4F9F-BF95-F451D078FC47}.Release.ActiveCfg = Release|Win32
		{ECA6B435-B4FA-4F9F-BF95-F451D078FC47}.Release.Build.0 = Release|Win32
		{20869594-A3DD-4A75-8068-99B03A5CF4E4}.Debug.ActiveCfg = Debug|Win32
		{20869594-A3DD-4A75-8068-99B03A5CF4E4}.Debug.Build.0 = Debug|Win32
		{20869594-A3DD-4A75-8068-99B03A5CF4E4}.Release.ActiveCfg = Release|Win32
		{20869594-A3DD-4A75-8068-99B03A5CF4E4}.Release.Build.0 = Release|Win32
		{D3065ADB-8820-4CC7-9B6C-9510833961A3}.Debug.ActiveCfg = Debug|Win32
		{D3065ADB-8820-4CC7-9B6C-9510833961A3}.Debug.Build.0 = Debug|Win32
		{D3065ADB-8820-4CC7-9B6C-9510833961A3}.Release.ActiveCfg = Release|Win32
		{D3065ADB-8820-4CC7-9B6C-9510833961A3}.Release.Build.0 = Release|Win32
		{C2BE5000-7501-4E87-9724-B8D82494FAE6}.Debug.ActiveCfg = Debug|Win32
		{C2BE5000-7501-4E87-9724-B8D82494FAE6}.Debug.Build.0 = Debug|Win32
		{C2BE5000-7501-4E87-9724-B8D82494FAE6}.Release.ActiveCfg = Release|Win32
		{C2BE5000-7501-4E87-9724-B8D82494FAE6}.Release.Build.0 = Release|Win32
		{FDD3C4F2-9805-44EB-9A77-BC1C1C95B547}.Debug.ActiveCfg = Debug|Win32
		{FDD3C4F2-9805-44EB-9A77-BC1C1C95B547}.Debug.Build.0 = Debug|Win32
		{FDD3C4F2-9805-44EB-9A77-BC1C1C95B547}.Release.ActiveCfg = Release|Win32
		{FDD3C4F2-9805-44EB-9A77-BC1C1C95B547}.Release.Build.0 = Release|Win32
		{A8D36F8D-09E6-4174-91C3-7BEAA9C3F04F}.Debug.ActiveCfg = Debug|Win32
		{A8D36F8D-09E6-4174-91C3-7BEAA9C3F04F}.Debug.Build.0 = Debug|Win32
		{A8D36F8D-09E6-4174-91C3-7BEAA9C3F04F}.Release.ActiveCfg = Release|Win32
		{A8D36F8D-09E6-4174-91C3-7BEAA9C3F04F}.Release.Build.0 = Release|Win32
		{8B41752B-5A52-41E4-B7E0-07921C0CC6BF}.Debug.ActiveCfg = Debug|Win32
		{8B41752B-5A52-41E4-B7E0-07921C0CC6BF}.Debug.Build.0 = Debug|Win32
		{8B41752B-5A52-41E4-B7E0-07921C0CC6BF}.Release.ActiveCfg = Release|Win32
		{8B41752B-5A52-41E4-B7E0-07921C0CC6BF}.Release.Build.0 = Release|Win32
		{F5281B04-A9E0-4680-BBA8-1D7F7D115458}.Debug.ActiveCfg = Debug|Win32
		{F5281B04-A9E0-4680-BBA8-1D7F7D115458}.Debug.Build.0 = Debug|Win32
		{F5281B04-A9E0-4680-BBA8-1D7F7D115458}.Release.ActiveCfg = Release|Win32
		{F5281B04-A9E0-4680-BBA8-1D7F7D115458}.Release.Build.0 = Release|Win32
		{F5213103-6CBE-46E6-B4CC-2570B6837D86}.Debug.ActiveCfg = Debug|Win32
		{F5213103-6CBE-46E6-B4CC-2570B6837D86}.Debug.Build.0 = Debug|Win32
		{F5213103-6CBE-46E6-B4CC-2570B6837D86}.Release.ActiveCfg = Release|Win32
		{F5213103-6CBE-46E6-B4CC-2570B6837D86}.Release.Build.0 = Release|Win32
		{DBC0AF0B-B9FF-4B23-905B-4D4CDC2A91CB}.Debug.ActiveCfg = Debug|Win32
		{DBC0AF0B-B9FF-4B23-905B-4D4CDC2A91CB}.Debug.Build.0 = Debug|Win32
		{DBC0AF0B-B9FF-4B23-905B-4D4CDC2A91CB}.Release.ActiveCfg = Release|Win32
		{DBC0AF0B-B9FF-4B23-905B-4D4CDC2A91CB}.Release.Build.0 = Release|Win32
		{6F744648-D15F-478A-90C6-58E353B5DDB3}.Debug.ActiveCfg = Debug|Win32
		{6F744648-D15F-478A-90C6-58E353B5DDB3}.Debug.Build.0 = Debug|Win32
		{6F744648-D15F-478A-90C6-58E353B5DDB3}.Release.ActiveCfg = Release|Win32
		{6F744648-D15F-478A-90C6-58E353B5DDB3}.Release.Build.0 = Release|Win32
		{97521D06-EC47-45D4-8BD0-9E16B3F93B2A}.Debug.ActiveCfg = Debug|Win32
		{97521D06-EC47-45D4-8BD0-9E16B3F93B2A}.Debug.Build.0 = Debug|Win32
		{97521D06-EC47-45D4-8BD0-9E16B3F93B2A}.Release.ActiveCfg = Release|Win32
		{97521D06-EC47-45D4-8BD0-9E16B3F93B2A}.Release.Build.0 = Release|Win32
		{77C78066-746F-4EA6-B3FE-B8C8A4A97891}.Debug.ActiveCfg = Debug|Win32
		{77C78066-746F-4EA6-B3FE-B8C8A4A97891}.Debug.Build.0 = Debug|Win32
		{77C78066-746F-4EA6-B3FE-B8C8A4A97891}.Release.ActiveCfg = Release|Win32
		{77C78066-746F-4EA6-B3FE-B8C8A4A97891}.Release.Build.0 = Release|Win32
		{86829694-A375-4C58-B4EA-96EF514E3225}.Debug.ActiveCfg = Debug|Win32
		{86829694-A375-4C58-B4EA-96EF514E3225}.Debug.Build.0 = Debug|Win32
		{86829694-A375-4C58-B4EA-96EF514E3225}.Release.ActiveCfg = Release|Win32
		{86829694-A375-4C58-B4EA-96EF514E3225}.Release.Build.0 = Release|Win32
		{0178B127-6269-407D-B112-93877BB62776}.Debug.ActiveCfg = Debug|Win32
		{0178B127-6269-407D-B112-93877BB62776}.Debug.Build.0 = Debug|Win32
		{0178B127-6269-407D-B112-93877BB62776}.Release.ActiveCfg = Release|Win32
		{0178B127-6269-407D-B112-93877BB62776}.Release.Build.0 = Release|Win32
		{73632960-B3A6-464D-83A3-4B43365F19B8}.Debug.ActiveCfg = Debug|Win32
		{73632960-B3A6-464D-83A3-4B43365F19B8}.Debug.Build.0 = Debug|Win32
		{73632960-B3A6-464D-83A3-4B43365F19B8}.Release.ActiveCfg = Release|Win32
		{73632960-B3A6-464D-83A3-4B43365F19B8}.Release.Build.0 = Release|Win32
		{C920062A-0647-4553-A3B2-37C58065664B}.Debug.ActiveCfg = Debug|Win32
		{C920062A-0647-4553-A3B2-37C58065664B}.Debug.Build.0 = Debug|Win32
		{C920062A-0647-4553-A3B2-37C58065664B}.Release.ActiveCfg = Release|Win32
		{C920062A-0647-4553-A3B2-37C58065664B}.Release.Build.0 = Release|Win32
		{37FC2C7F-1904-4811-8955-2F478830EAD1}.Debug.ActiveCfg = Debug|Win32
		{37FC2C7F-1904-4811-8955-2F478830EAD1}.Debug.Build.0 = Debug|Win32
		{37FC2C7F-1904-4811-8955-2F478830EAD1}.Release.ActiveCfg = Release|Win32
		{37FC2C7F-1904-4811-8955-2F478830EAD1}.Release.Build.0 = Release|Win32
		{F5AD9738-1A3D-4906-B9C4-A7D9CE33DC2C}.Debug.ActiveCfg = Debug|Win32
		{F5AD9738-1A3D-4906-B9C4-A7D9CE33DC2C}.Debug.Build.0 = Debug|Win32
		{F5AD9738-1A3D-4906-B9C4-A7D9CE33DC2C}.Release.ActiveCfg = Release|Win32
		{F5AD9738-1A3D-4906-B9C4-A7D9CE33DC2C}.Release.Build.0 = Release|Win32
		{D9DF7F2F-93B7-4810-B5CD-96F4F33C079B}.Debug.ActiveCfg = Debug|Win32
		{D9DF7F2F-93B7-4810-B5CD-96F4F33C079B}.Debug.Build.0 = Debug|Win32
		{D9DF7F2F-93B7-4810-B5CD-96F4F33C079B}.Release.ActiveCfg = Release|Win32
		{D9DF7F2F-93B7-4810-B5CD-96F4F33C079B}.Release.Build.0 = Release|Win32
		{4C8454FE-81D3-4CA3-9927-29BA96F03DAC}.Debug.ActiveCfg = Debug|Win32
		{4C8454FE-81D3-4CA3-9927-29BA96F03DAC}.Debug.Build.0 = Debug|Win32
		{4C8454FE-81D3-4CA3-9927-29BA96F03DAC}.Release.ActiveCfg = Release|Win32
		{4C8454FE-81D3-4CA3-9927-29BA96F03DAC}.Release.Build.0 = Release|Win32
		{203EC78A-0531-43F0-A636-285439BDE025}.Debug.ActiveCfg = Debug|Win32
		{203EC78A-0531-43F0-A636-285439BDE025}.Debug.Build.0 = Debug|Win32
		{203EC78A-0531-43F0-A636-285439BDE025}.Release.ActiveCfg = Release|Win32
		{203EC78A-0531-43F0-A636-285439BDE025}.Release.Build.0 = Release|Win32
		{6B231032-3CB5-4EED-9210-810D666A23A0}.Debug.ActiveCfg = Debug|Win32
		{6B231032-3CB5-4EED-9210-810D666A23A0}.Debug.Build.0 = Debug|Win32
		{6B231032-3CB5-4EED-9210-810D666A23A0}.Release.ActiveCfg = Release|Win32
		{6B231032-3CB5-4EED-9210-810D666A23A0}.Release.Build.0 = Release|Win32
		{DBA4088D-F6F9-4F8F-8820-082A4765C16C}.Debug.ActiveCfg = Debug|Win32
		{DBA4088D-F6F9-4F8F-8820-082A4765C16C}.Debug.Build.0 = Debug|Win32
		{DBA4088D-F6F9-4F8F-8820-082A4765C16C}.Release.ActiveCfg = Release|Win32
		{DBA4088D-F6F9-4F8F-8820-082A4765C16C}.Release.Build.0 = Release|Win32
		{C2B04507-2521-4801-BF0D-5FD79D6D518C}.Debug.ActiveCfg = Debug|Win32
		{C2B04507-2521-4801-BF0D-5FD79D6D518C}.Debug.Build.0 = Debug|Win32
		{C2B04507-2521-4801-BF0D-5FD79D6D518C}.Release.ActiveCfg = Release|Win32
		{C2B04507-2521-4801-BF0D-5FD79D6D518C}.Release.Build.0 = Release|Win32
		{631C23CE-6C1D-4875-88F0-85E0A42B36EA}.Debug.ActiveCfg = Debug|Win32
		{631C23CE-6C1D-4875-88F0-85E0A42B36EA}.Debug.Build.0 = Debug|Win32
		{631C23CE-6C1D-4875-88F0-85E0A42B36EA}.Release.ActiveCfg = Release|Win32
		{631C23CE-6C1D-4875-88F0-85E0A42B36EA}.Release.Build.0 = Release|Win32
		{6FC24387-370C-4561-9582-7A819749E2C5}.Debug.ActiveCfg = Debug|Win32
		{6FC24387-370C-4561-9582-7A819749E2C5}.Debug.Build.0 = Debug|Win32
		{6FC24387-370C-4561-9582-7A819749E2C5}.Release.ActiveCfg = Release|Win32
		{6FC24387-370C-4561-9582-7A819749E2C5}.Release.Build.0 = Release|Win32
		{E4993E82-D68A-46CA-BAE0-9D35E172E46F}.Debug.ActiveCfg = Debug|Win32
		{E4993E82-D68A-46CA-BAE0-9D35E172E46F}.Debug.Build.0 = Debug|Win32
		{E4993E82-D68A-46CA-BAE0-9D35E172E46F}.Release.ActiveCfg = Release|Win32
		{E4993E82-D68A-46CA-BAE0-9D35E172E46F}.Release.Build.0 = Release|Win32
	EndGlobalSection
	GlobalSection(ExtensibilityGlobals) = postSolution
	EndGlobalSection
	GlobalSection(ExtensibilityAddIns) = postSolution
	EndGlobalSection
EndGlobal
