Microsoft Visual Studio Solution File, Format Version 7.00
Project("{8BC9CEB8-8B4A-11D0-8D11-00A0C91BC942}") = "datefmt", "datefmt.vcproj", "{6D592DB7-B9C8-4B1B-A1C1-F9A9EB4FD4E4}"
EndProject
Global
	GlobalSection(SolutionConfiguration) = preSolution
		ConfigName.0 = Debug
		ConfigName.1 = Release
	EndGlobalSection
	GlobalSection(ProjectDependencies) = postSolution
	EndGlobalSection
	GlobalSection(ProjectConfiguration) = postSolution
		{6D592DB7-B9C8-4B1B-A1C1-F9A9EB4FD4E4}.Debug.ActiveCfg = Debug|Win32
		{6D592DB7-B9C8-4B1B-A1C1-F9A9EB4FD4E4}.Debug.Build.0 = Debug|Win32
		{6D592DB7-B9C8-4B1B-A1C1-F9A9EB4FD4E4}.Release.ActiveCfg = Release|Win32
		{6D592DB7-B9C8-4B1B-A1C1-F9A9EB4FD4E4}.Release.Build.0 = Release|Win32
	EndGlobalSection
	GlobalSection(ExtensibilityGlobals) = postSolution
	EndGlobalSection
	GlobalSection(ExtensibilityAddIns) = postSolution
	EndGlobalSection
EndGlobal
