Microsoft Visual Studio Solution File, Format Version 7.00
Project("{8BC9CEB8-8B4A-11D0-8D11-00A0C91BC942}") = "break", "break.vcproj", "{DEEADF02-9C14-4854-A395-E505D2904D65}"
EndProject
Global
	GlobalSection(SolutionConfiguration) = preSolution
		ConfigName.0 = Debug
		ConfigName.1 = Release
	EndGlobalSection
	GlobalSection(ProjectDependencies) = postSolution
	EndGlobalSection
	GlobalSection(ProjectConfiguration) = postSolution
		{DEEADF02-9C14-4854-A395-E505D2904D65}.Debug.ActiveCfg = Debug|Win32
		{DEEADF02-9C14-4854-A395-E505D2904D65}.Debug.Build.0 = Debug|Win32
		{DEEADF02-9C14-4854-A395-E505D2904D65}.Release.ActiveCfg = Release|Win32
		{DEEADF02-9C14-4854-A395-E505D2904D65}.Release.Build.0 = Release|Win32
	EndGlobalSection
	GlobalSection(ExtensibilityGlobals) = postSolution
	EndGlobalSection
	GlobalSection(ExtensibilityAddIns) = postSolution
	EndGlobalSection
EndGlobal
